
Microsoft Visual Studio Solution File, Format Version 12.00
# Visual Studio Version 17
VisualStudioVersion = 17.2.32602.215
MinimumVisualStudioVersion = 10.0.40219.1
Project("{FAE04EC0-301F-11D3-BF4B-00C04F79EFBC}") = "Task_2", "Task_2\Task_2.csproj", "{34A7BB70-1CC5-4962-9D97-E4821C97DEC5}"
EndProject
Global
	GlobalSection(SolutionConfigurationPlatforms) = preSolution
		Debug|Any CPU = Debug|Any CPU
		Release|Any CPU = Release|Any CPU
	EndGlobalSection
	GlobalSection(ProjectConfigurationPlatforms) = postSolution
		{34A7BB70-1CC5-4962-9D97-E4821C97DEC5}.Debug|Any CPU.ActiveCfg = Debug|Any CPU
		{34A7BB70-1CC5-4962-9D97-E4821C97DEC5}.Debug|Any CPU.Build.0 = Debug|Any CPU
		{34A7BB70-1CC5-4962-9D97-E4821C97DEC5}.Release|Any CPU.ActiveCfg = Release|Any CPU
		{34A7BB70-1CC5-4962-9D97-E4821C97DEC5}.Release|Any CPU.Build.0 = Release|Any CPU
	EndGlobalSection
	GlobalSection(SolutionProperties) = preSolution
		HideSolutionNode = FALSE
	EndGlobalSection
	GlobalSection(ExtensibilityGlobals) = postSolution
		SolutionGuid = {1F212FE2-3397-4327-B165-18A80F7D762B}
	EndGlobalSection
EndGlobal
