
Microsoft Visual Studio Solution File, Format Version 12.00
# Visual Studio Version 17
VisualStudioVersion = 17.2.32602.215
MinimumVisualStudioVersion = 10.0.40219.1
Project("{FAE04EC0-301F-11D3-BF4B-00C04F79EFBC}") = "Homework_3_Dovbyshchuk_Volodymyr", "Homework_3_Dovbyshchuk_Volodymyr\Homework_3_Dovbyshchuk_Volodymyr.csproj", "{36F95875-62CF-44F6-A392-C0E928B75627}"
EndProject
Global
	GlobalSection(SolutionConfigurationPlatforms) = preSolution
		Debug|Any CPU = Debug|Any CPU
		Release|Any CPU = Release|Any CPU
	EndGlobalSection
	GlobalSection(ProjectConfigurationPlatforms) = postSolution
		{36F95875-62CF-44F6-A392-C0E928B75627}.Debug|Any CPU.ActiveCfg = Debug|Any CPU
		{36F95875-62CF-44F6-A392-C0E928B75627}.Debug|Any CPU.Build.0 = Debug|Any CPU
		{36F95875-62CF-44F6-A392-C0E928B75627}.Release|Any CPU.ActiveCfg = Release|Any CPU
		{36F95875-62CF-44F6-A392-C0E928B75627}.Release|Any CPU.Build.0 = Release|Any CPU
	EndGlobalSection
	GlobalSection(SolutionProperties) = preSolution
		HideSolutionNode = FALSE
	EndGlobalSection
	GlobalSection(ExtensibilityGlobals) = postSolution
		SolutionGuid = {6AB5D9FC-BA1F-47E9-A2E1-CA5A98B3F901}
	EndGlobalSection
EndGlobal
